
Microsoft Visual Studio Solution File, Format Version 12.00
# Visual Studio 15
VisualStudioVersion = 15.0.27004.2002
MinimumVisualStudioVersion = 10.0.40219.1
Project("{8BC9CEB8-8B4A-11D0-8D11-00A0C91BC942}") = "Project1", "Project1\Project1.vcxproj", "{A88C411A-D3A3-41DF-8D69-52BA7F206F11}"
EndProject
Global
	GlobalSection(SolutionConfigurationPlatforms) = preSolution
		Debug|x64 = Debug|x64
		Debug|x86 = Debug|x86
		Release|x64 = Release|x64
		Release|x86 = Release|x86
	EndGlobalSection
	GlobalSection(ProjectConfigurationPlatforms) = postSolution
		{A88C411A-D3A3-41DF-8D69-52BA7F206F11}.Debug|x64.ActiveCfg = Debug|x64
		{A88C411A-D3A3-41DF-8D69-52BA7F206F11}.Debug|x64.Build.0 = Debug|x64
		{A88C411A-D3A3-41DF-8D69-52BA7F206F11}.Debug|x86.ActiveCfg = Debug|Win32
		{A88C411A-D3A3-41DF-8D69-52BA7F206F11}.Debug|x86.Build.0 = Debug|Win32
		{A88C411A-D3A3-41DF-8D69-52BA7F206F11}.Release|x64.ActiveCfg = Release|x64
		{A88C411A-D3A3-41DF-8D69-52BA7F206F11}.Release|x64.Build.0 = Release|x64
		{A88C411A-D3A3-41DF-8D69-52BA7F206F11}.Release|x86.ActiveCfg = Release|Win32
		{A88C411A-D3A3-41DF-8D69-52BA7F206F11}.Release|x86.Build.0 = Release|Win32
	EndGlobalSection
	GlobalSection(SolutionProperties) = preSolution
		HideSolutionNode = FALSE
	EndGlobalSection
	GlobalSection(ExtensibilityGlobals) = postSolution
		SolutionGuid = {3C7C817C-C2E2-4D20-B6A3-2CAB486E616C}
	EndGlobalSection
EndGlobal
